// !$*UTF8*$!
{
	archiveVersion = 1;
	classes = {
	};
	objectVersion = 55;
	objects = {

/* Begin PBXBuildFile section */
		1643AE4627370D8C00CCEB3A /* ContadorDeAguaApp.swift in Sources */ = {isa = PBXBuildFile; fileRef = 1643AE4527370D8C00CCEB3A /* ContadorDeAguaApp.swift */; };
		1643AE4A27370D9100CCEB3A /* Assets.xcassets in Resources */ = {isa = PBXBuildFile; fileRef = 1643AE4927370D9100CCEB3A /* Assets.xcassets */; };
		1643AE4D27370D9100CCEB3A /* Preview Assets.xcassets in Resources */ = {isa = PBXBuildFile; fileRef = 1643AE4C27370D9100CCEB3A /* Preview Assets.xcassets */; };
		1643AE4F27370D9100CCEB3A /* Persistence.swift in Sources */ = {isa = PBXBuildFile; fileRef = 1643AE4E27370D9100CCEB3A /* Persistence.swift */; };
		1643AE5227370D9100CCEB3A /* ContadorDeAgua.xcdatamodeld in Sources */ = {isa = PBXBuildFile; fileRef = 1643AE5027370D9100CCEB3A /* ContadorDeAgua.xcdatamodeld */; };
		1643AE5C27370D9100CCEB3A /* ContadorDeAguaTests.swift in Sources */ = {isa = PBXBuildFile; fileRef = 1643AE5B27370D9100CCEB3A /* ContadorDeAguaTests.swift */; };
		1643AE6627370D9100CCEB3A /* ContadorDeAguaUITests.swift in Sources */ = {isa = PBXBuildFile; fileRef = 1643AE6527370D9100CCEB3A /* ContadorDeAguaUITests.swift */; };
		1643AE6827370D9100CCEB3A /* ContadorDeAguaUITestsLaunchTests.swift in Sources */ = {isa = PBXBuildFile; fileRef = 1643AE6727370D9100CCEB3A /* ContadorDeAguaUITestsLaunchTests.swift */; };
		1643AE7A2737141300CCEB3A /* CounterViewUI.swift in Sources */ = {isa = PBXBuildFile; fileRef = 1643AE792737141300CCEB3A /* CounterViewUI.swift */; };
		1643AE7C273715A400CCEB3A /* SplashScreenViewUI.swift in Sources */ = {isa = PBXBuildFile; fileRef = 1643AE7B273715A400CCEB3A /* SplashScreenViewUI.swift */; };
		1643AE7E273715EA00CCEB3A /* ListConsumptionViewUI.swift in Sources */ = {isa = PBXBuildFile; fileRef = 1643AE7D273715EA00CCEB3A /* ListConsumptionViewUI.swift */; };
/* End PBXBuildFile section */

/* Begin PBXContainerItemProxy section */
		1643AE5827370D9100CCEB3A /* PBXContainerItemProxy */ = {
			isa = PBXContainerItemProxy;
			containerPortal = 1643AE3A27370D8C00CCEB3A /* Project object */;
			proxyType = 1;
			remoteGlobalIDString = 1643AE4127370D8C00CCEB3A;
			remoteInfo = ContadorDeAgua;
		};
		1643AE6227370D9100CCEB3A /* PBXContainerItemProxy */ = {
			isa = PBXContainerItemProxy;
			containerPortal = 1643AE3A27370D8C00CCEB3A /* Project object */;
			proxyType = 1;
			remoteGlobalIDString = 1643AE4127370D8C00CCEB3A;
			remoteInfo = ContadorDeAgua;
		};
/* End PBXContainerItemProxy section */

/* Begin PBXFileReference section */
		1643AE4227370D8C00CCEB3A /* ContadorDeAgua.app */ = {isa = PBXFileReference; explicitFileType = wrapper.application; includeInIndex = 0; path = ContadorDeAgua.app; sourceTree = BUILT_PRODUCTS_DIR; };
		1643AE4527370D8C00CCEB3A /* ContadorDeAguaApp.swift */ = {isa = PBXFileReference; lastKnownFileType = sourcecode.swift; path = ContadorDeAguaApp.swift; sourceTree = "<group>"; };
		1643AE4927370D9100CCEB3A /* Assets.xcassets */ = {isa = PBXFileReference; lastKnownFileType = folder.assetcatalog; path = Assets.xcassets; sourceTree = "<group>"; };
		1643AE4C27370D9100CCEB3A /* Preview Assets.xcassets */ = {isa = PBXFileReference; lastKnownFileType = folder.assetcatalog; path = "Preview Assets.xcassets"; sourceTree = "<group>"; };
		1643AE4E27370D9100CCEB3A /* Persistence.swift */ = {isa = PBXFileReference; lastKnownFileType = sourcecode.swift; path = Persistence.swift; sourceTree = "<group>"; };
		1643AE5127370D9100CCEB3A /* ContadorDeAgua.xcdatamodel */ = {isa = PBXFileReference; lastKnownFileType = wrapper.xcdatamodel; path = ContadorDeAgua.xcdatamodel; sourceTree = "<group>"; };
		1643AE5727370D9100CCEB3A /* ContadorDeAguaTests.xctest */ = {isa = PBXFileReference; explicitFileType = wrapper.cfbundle; includeInIndex = 0; path = ContadorDeAguaTests.xctest; sourceTree = BUILT_PRODUCTS_DIR; };
		1643AE5B27370D9100CCEB3A /* ContadorDeAguaTests.swift */ = {isa = PBXFileReference; lastKnownFileType = sourcecode.swift; path = ContadorDeAguaTests.swift; sourceTree = "<group>"; };
		1643AE6127370D9100CCEB3A /* ContadorDeAguaUITests.xctest */ = {isa = PBXFileReference; explicitFileType = wrapper.cfbundle; includeInIndex = 0; path = ContadorDeAguaUITests.xctest; sourceTree = BUILT_PRODUCTS_DIR; };
		1643AE6527370D9100CCEB3A /* ContadorDeAguaUITests.swift */ = {isa = PBXFileReference; lastKnownFileType = sourcecode.swift; path = ContadorDeAguaUITests.swift; sourceTree = "<group>"; };
		1643AE6727370D9100CCEB3A /* ContadorDeAguaUITestsLaunchTests.swift */ = {isa = PBXFileReference; lastKnownFileType = sourcecode.swift; path = ContadorDeAguaUITestsLaunchTests.swift; sourceTree = "<group>"; };
		1643AE792737141300CCEB3A /* CounterViewUI.swift */ = {isa = PBXFileReference; lastKnownFileType = sourcecode.swift; path = CounterViewUI.swift; sourceTree = "<group>"; };
		1643AE7B273715A400CCEB3A /* SplashScreenViewUI.swift */ = {isa = PBXFileReference; lastKnownFileType = sourcecode.swift; path = SplashScreenViewUI.swift; sourceTree = "<group>"; };
		1643AE7D273715EA00CCEB3A /* ListConsumptionViewUI.swift */ = {isa = PBXFileReference; lastKnownFileType = sourcecode.swift; path = ListConsumptionViewUI.swift; sourceTree = "<group>"; };
/* End PBXFileReference section */

/* Begin PBXFrameworksBuildPhase section */
		1643AE3F27370D8C00CCEB3A /* Frameworks */ = {
			isa = PBXFrameworksBuildPhase;
			buildActionMask = 2147483647;
			files = (
			);
			runOnlyForDeploymentPostprocessing = 0;
		};
		1643AE5427370D9100CCEB3A /* Frameworks */ = {
			isa = PBXFrameworksBuildPhase;
			buildActionMask = 2147483647;
			files = (
			);
			runOnlyForDeploymentPostprocessing = 0;
		};
		1643AE5E27370D9100CCEB3A /* Frameworks */ = {
			isa = PBXFrameworksBuildPhase;
			buildActionMask = 2147483647;
			files = (
			);
			runOnlyForDeploymentPostprocessing = 0;
		};
/* End PBXFrameworksBuildPhase section */

/* Begin PBXGroup section */
		1643AE3927370D8C00CCEB3A = {
			isa = PBXGroup;
			children = (
				1643AE4427370D8C00CCEB3A /* ContadorDeAgua */,
				1643AE5A27370D9100CCEB3A /* ContadorDeAguaTests */,
				1643AE6427370D9100CCEB3A /* ContadorDeAguaUITests */,
				1643AE4327370D8C00CCEB3A /* Products */,
			);
			sourceTree = "<group>";
		};
		1643AE4327370D8C00CCEB3A /* Products */ = {
			isa = PBXGroup;
			children = (
				1643AE4227370D8C00CCEB3A /* ContadorDeAgua.app */,
				1643AE5727370D9100CCEB3A /* ContadorDeAguaTests.xctest */,
				1643AE6127370D9100CCEB3A /* ContadorDeAguaUITests.xctest */,
			);
			name = Products;
			sourceTree = "<group>";
		};
		1643AE4427370D8C00CCEB3A /* ContadorDeAgua */ = {
			isa = PBXGroup;
			children = (
				1643AE762737135700CCEB3A /* Controller */,
				1643AE752737134E00CCEB3A /* View */,
				1643AE742737133E00CCEB3A /* Model */,
				1643AE4927370D9100CCEB3A /* Assets.xcassets */,
				1643AE4E27370D9100CCEB3A /* Persistence.swift */,
				1643AE5027370D9100CCEB3A /* ContadorDeAgua.xcdatamodeld */,
				1643AE4B27370D9100CCEB3A /* Preview Content */,
			);
			path = ContadorDeAgua;
			sourceTree = "<group>";
		};
		1643AE4B27370D9100CCEB3A /* Preview Content */ = {
			isa = PBXGroup;
			children = (
				1643AE4C27370D9100CCEB3A /* Preview Assets.xcassets */,
			);
			path = "Preview Content";
			sourceTree = "<group>";
		};
		1643AE5A27370D9100CCEB3A /* ContadorDeAguaTests */ = {
			isa = PBXGroup;
			children = (
				1643AE5B27370D9100CCEB3A /* ContadorDeAguaTests.swift */,
			);
			path = ContadorDeAguaTests;
			sourceTree = "<group>";
		};
		1643AE6427370D9100CCEB3A /* ContadorDeAguaUITests */ = {
			isa = PBXGroup;
			children = (
				1643AE6527370D9100CCEB3A /* ContadorDeAguaUITests.swift */,
				1643AE6727370D9100CCEB3A /* ContadorDeAguaUITestsLaunchTests.swift */,
			);
			path = ContadorDeAguaUITests;
			sourceTree = "<group>";
		};
		1643AE742737133E00CCEB3A /* Model */ = {
			isa = PBXGroup;
			children = (
			);
			name = Model;
			sourceTree = "<group>";
		};
		1643AE752737134E00CCEB3A /* View */ = {
			isa = PBXGroup;
			children = (
				1643AE792737141300CCEB3A /* CounterViewUI.swift */,
				1643AE7B273715A400CCEB3A /* SplashScreenViewUI.swift */,
				1643AE7D273715EA00CCEB3A /* ListConsumptionViewUI.swift */,
			);
			name = View;
			sourceTree = "<group>";
		};
		1643AE762737135700CCEB3A /* Controller */ = {
			isa = PBXGroup;
			children = (
				1643AE4527370D8C00CCEB3A /* ContadorDeAguaApp.swift */,
			);
			name = Controller;
			sourceTree = "<group>";
		};
/* End PBXGroup section */

/* Begin PBXNativeTarget section */
		1643AE4127370D8C00CCEB3A /* ContadorDeAgua */ = {
			isa = PBXNativeTarget;
			buildConfigurationList = 1643AE6B27370D9100CCEB3A /* Build configuration list for PBXNativeTarget "ContadorDeAgua" */;
			buildPhases = (
				1643AE3E27370D8C00CCEB3A /* Sources */,
				1643AE3F27370D8C00CCEB3A /* Frameworks */,
				1643AE4027370D8C00CCEB3A /* Resources */,
			);
			buildRules = (
			);
			dependencies = (
			);
			name = ContadorDeAgua;
			productName = ContadorDeAgua;
			productReference = 1643AE4227370D8C00CCEB3A /* ContadorDeAgua.app */;
			productType = "com.apple.product-type.application";
		};
		1643AE5627370D9100CCEB3A /* ContadorDeAguaTests */ = {
			isa = PBXNativeTarget;
			buildConfigurationList = 1643AE6E27370D9100CCEB3A /* Build configuration list for PBXNativeTarget "ContadorDeAguaTests" */;
			buildPhases = (
				1643AE5327370D9100CCEB3A /* Sources */,
				1643AE5427370D9100CCEB3A /* Frameworks */,
				1643AE5527370D9100CCEB3A /* Resources */,
			);
			buildRules = (
			);
			dependencies = (
				1643AE5927370D9100CCEB3A /* PBXTargetDependency */,
			);
			name = ContadorDeAguaTests;
			productName = ContadorDeAguaTests;
			productReference = 1643AE5727370D9100CCEB3A /* ContadorDeAguaTests.xctest */;
			productType = "com.apple.product-type.bundle.unit-test";
		};
		1643AE6027370D9100CCEB3A /* ContadorDeAguaUITests */ = {
			isa = PBXNativeTarget;
			buildConfigurationList = 1643AE7127370D9100CCEB3A /* Build configuration list for PBXNativeTarget "ContadorDeAguaUITests" */;
			buildPhases = (
				1643AE5D27370D9100CCEB3A /* Sources */,
				1643AE5E27370D9100CCEB3A /* Frameworks */,
				1643AE5F27370D9100CCEB3A /* Resources */,
			);
			buildRules = (
			);
			dependencies = (
				1643AE6327370D9100CCEB3A /* PBXTargetDependency */,
			);
			name = ContadorDeAguaUITests;
			productName = ContadorDeAguaUITests;
			productReference = 1643AE6127370D9100CCEB3A /* ContadorDeAguaUITests.xctest */;
			productType = "com.apple.product-type.bundle.ui-testing";
		};
/* End PBXNativeTarget section */

/* Begin PBXProject section */
		1643AE3A27370D8C00CCEB3A /* Project object */ = {
			isa = PBXProject;
			attributes = {
				BuildIndependentTargetsInParallel = 1;
				LastSwiftUpdateCheck = 1300;
				LastUpgradeCheck = 1300;
				TargetAttributes = {
					1643AE4127370D8C00CCEB3A = {
						CreatedOnToolsVersion = 13.0;
					};
					1643AE5627370D9100CCEB3A = {
						CreatedOnToolsVersion = 13.0;
						TestTargetID = 1643AE4127370D8C00CCEB3A;
					};
					1643AE6027370D9100CCEB3A = {
						CreatedOnToolsVersion = 13.0;
						TestTargetID = 1643AE4127370D8C00CCEB3A;
					};
				};
			};
			buildConfigurationList = 1643AE3D27370D8C00CCEB3A /* Build configuration list for PBXProject "ContadorDeAgua" */;
			compatibilityVersion = "Xcode 13.0";
			developmentRegion = en;
			hasScannedForEncodings = 0;
			knownRegions = (
				en,
				Base,
			);
			mainGroup = 1643AE3927370D8C00CCEB3A;
			productRefGroup = 1643AE4327370D8C00CCEB3A /* Products */;
			projectDirPath = "";
			projectRoot = "";
			targets = (
				1643AE4127370D8C00CCEB3A /* ContadorDeAgua */,
				1643AE5627370D9100CCEB3A /* ContadorDeAguaTests */,
				1643AE6027370D9100CCEB3A /* ContadorDeAguaUITests */,
			);
		};
/* End PBXProject section */

/* Begin PBXResourcesBuildPhase section */
		1643AE4027370D8C00CCEB3A /* Resources */ = {
			isa = PBXResourcesBuildPhase;
			buildActionMask = 2147483647;
			files = (
				1643AE4D27370D9100CCEB3A /* Preview Assets.xcassets in Resources */,
				1643AE4A27370D9100CCEB3A /* Assets.xcassets in Resources */,
			);
			runOnlyForDeploymentPostprocessing = 0;
		};
		1643AE5527370D9100CCEB3A /* Resources */ = {
			isa = PBXResourcesBuildPhase;
			buildActionMask = 2147483647;
			files = (
			);
			runOnlyForDeploymentPostprocessing = 0;
		};
		1643AE5F27370D9100CCEB3A /* Resources */ = {
			isa = PBXResourcesBuildPhase;
			buildActionMask = 2147483647;
			files = (
			);
			runOnlyForDeploymentPostprocessing = 0;
		};
/* End PBXResourcesBuildPhase section */

/* Begin PBXSourcesBuildPhase section */
		1643AE3E27370D8C00CCEB3A /* Sources */ = {
			isa = PBXSourcesBuildPhase;
			buildActionMask = 2147483647;
			files = (
				1643AE5227370D9100CCEB3A /* ContadorDeAgua.xcdatamodeld in Sources */,
				1643AE7A2737141300CCEB3A /* CounterViewUI.swift in Sources */,
				1643AE4F27370D9100CCEB3A /* Persistence.swift in Sources */,
				1643AE7E273715EA00CCEB3A /* ListConsumptionViewUI.swift in Sources */,
				1643AE4627370D8C00CCEB3A /* ContadorDeAguaApp.swift in Sources */,
				1643AE7C273715A400CCEB3A /* SplashScreenViewUI.swift in Sources */,
			);
			runOnlyForDeploymentPostprocessing = 0;
		};
		1643AE5327370D9100CCEB3A /* Sources */ = {
			isa = PBXSourcesBuildPhase;
			buildActionMask = 2147483647;
			files = (
				1643AE5C27370D9100CCEB3A /* ContadorDeAguaTests.swift in Sources */,
			);
			runOnlyForDeploymentPostprocessing = 0;
		};
		1643AE5D27370D9100CCEB3A /* Sources */ = {
			isa = PBXSourcesBuildPhase;
			buildActionMask = 2147483647;
			files = (
				1643AE6627370D9100CCEB3A /* ContadorDeAguaUITests.swift in Sources */,
				1643AE6827370D9100CCEB3A /* ContadorDeAguaUITestsLaunchTests.swift in Sources */,
			);
			runOnlyForDeploymentPostprocessing = 0;
		};
/* End PBXSourcesBuildPhase section */

/* Begin PBXTargetDependency section */
		1643AE5927370D9100CCEB3A /* PBXTargetDependency */ = {
			isa = PBXTargetDependency;
			target = 1643AE4127370D8C00CCEB3A /* ContadorDeAgua */;
			targetProxy = 1643AE5827370D9100CCEB3A /* PBXContainerItemProxy */;
		};
		1643AE6327370D9100CCEB3A /* PBXTargetDependency */ = {
			isa = PBXTargetDependency;
			target = 1643AE4127370D8C00CCEB3A /* ContadorDeAgua */;
			targetProxy = 1643AE6227370D9100CCEB3A /* PBXContainerItemProxy */;
		};
/* End PBXTargetDependency section */

/* Begin XCBuildConfiguration section */
		1643AE6927370D9100CCEB3A /* Debug */ = {
			isa = XCBuildConfiguration;
			buildSettings = {
				ALWAYS_SEARCH_USER_PATHS = NO;
				CLANG_ANALYZER_NONNULL = YES;
				CLANG_ANALYZER_NUMBER_OBJECT_CONVERSION = YES_AGGRESSIVE;
				CLANG_CXX_LANGUAGE_STANDARD = "gnu++17";
				CLANG_CXX_LIBRARY = "libc++";
				CLANG_ENABLE_MODULES = YES;
				CLANG_ENABLE_OBJC_ARC = YES;
				CLANG_ENABLE_OBJC_WEAK = YES;
				CLANG_WARN_BLOCK_CAPTURE_AUTORELEASING = YES;
				CLANG_WARN_BOOL_CONVERSION = YES;
				CLANG_WARN_COMMA = YES;
				CLANG_WARN_CONSTANT_CONVERSION = YES;
				CLANG_WARN_DEPRECATED_OBJC_IMPLEMENTATIONS = YES;
				CLANG_WARN_DIRECT_OBJC_ISA_USAGE = YES_ERROR;
				CLANG_WARN_DOCUMENTATION_COMMENTS = YES;
				CLANG_WARN_EMPTY_BODY = YES;
				CLANG_WARN_ENUM_CONVERSION = YES;
				CLANG_WARN_INFINITE_RECURSION = YES;
				CLANG_WARN_INT_CONVERSION = YES;
				CLANG_WARN_NON_LITERAL_NULL_CONVERSION = YES;
				CLANG_WARN_OBJC_IMPLICIT_RETAIN_SELF = YES;
				CLANG_WARN_OBJC_LITERAL_CONVERSION = YES;
				CLANG_WARN_OBJC_ROOT_CLASS = YES_ERROR;
				CLANG_WARN_QUOTED_INCLUDE_IN_FRAMEWORK_HEADER = YES;
				CLANG_WARN_RANGE_LOOP_ANALYSIS = YES;
				CLANG_WARN_STRICT_PROTOTYPES = YES;
				CLANG_WARN_SUSPICIOUS_MOVE = YES;
				CLANG_WARN_UNGUARDED_AVAILABILITY = YES_AGGRESSIVE;
				CLANG_WARN_UNREACHABLE_CODE = YES;
				CLANG_WARN__DUPLICATE_METHOD_MATCH = YES;
				COPY_PHASE_STRIP = NO;
				DEBUG_INFORMATION_FORMAT = dwarf;
				ENABLE_STRICT_OBJC_MSGSEND = YES;
				ENABLE_TESTABILITY = YES;
				GCC_C_LANGUAGE_STANDARD = gnu11;
				GCC_DYNAMIC_NO_PIC = NO;
				GCC_NO_COMMON_BLOCKS = YES;
				GCC_OPTIMIZATION_LEVEL = 0;
				GCC_PREPROCESSOR_DEFINITIONS = (
					"DEBUG=1",
					"$(inherited)",
				);
				GCC_WARN_64_TO_32_BIT_CONVERSION = YES;
				GCC_WARN_ABOUT_RETURN_TYPE = YES_ERROR;
				GCC_WARN_UNDECLARED_SELECTOR = YES;
				GCC_WARN_UNINITIALIZED_AUTOS = YES_AGGRESSIVE;
				GCC_WARN_UNUSED_FUNCTION = YES;
				GCC_WARN_UNUSED_VARIABLE = YES;
				IPHONEOS_DEPLOYMENT_TARGET = 15.0;
				MTL_ENABLE_DEBUG_INFO = INCLUDE_SOURCE;
				MTL_FAST_MATH = YES;
				ONLY_ACTIVE_ARCH = YES;
				SDKROOT = iphoneos;
				SWIFT_ACTIVE_COMPILATION_CONDITIONS = DEBUG;
				SWIFT_OPTIMIZATION_LEVEL = "-Onone";
			};
			name = Debug;
		};
		1643AE6A27370D9100CCEB3A /* Release */ = {
			isa = XCBuildConfiguration;
			buildSettings = {
				ALWAYS_SEARCH_USER_PATHS = NO;
				CLANG_ANALYZER_NONNULL = YES;
				CLANG_ANALYZER_NUMBER_OBJECT_CONVERSION = YES_AGGRESSIVE;
				CLANG_CXX_LANGUAGE_STANDARD = "gnu++17";
				CLANG_CXX_LIBRARY = "libc++";
				CLANG_ENABLE_MODULES = YES;
				CLANG_ENABLE_OBJC_ARC = YES;
				CLANG_ENABLE_OBJC_WEAK = YES;
				CLANG_WARN_BLOCK_CAPTURE_AUTORELEASING = YES;
				CLANG_WARN_BOOL_CONVERSION = YES;
				CLANG_WARN_COMMA = YES;
				CLANG_WARN_CONSTANT_CONVERSION = YES;
				CLANG_WARN_DEPRECATED_OBJC_IMPLEMENTATIONS = YES;
				CLANG_WARN_DIRECT_OBJC_ISA_USAGE = YES_ERROR;
				CLANG_WARN_DOCUMENTATION_COMMENTS = YES;
				CLANG_WARN_EMPTY_BODY = YES;
				CLANG_WARN_ENUM_CONVERSION = YES;
				CLANG_WARN_INFINITE_RECURSION = YES;
				CLANG_WARN_INT_CONVERSION = YES;
				CLANG_WARN_NON_LITERAL_NULL_CONVERSION = YES;
				CLANG_WARN_OBJC_IMPLICIT_RETAIN_SELF = YES;
				CLANG_WARN_OBJC_LITERAL_CONVERSION = YES;
				CLANG_WARN_OBJC_ROOT_CLASS = YES_ERROR;
				CLANG_WARN_QUOTED_INCLUDE_IN_FRAMEWORK_HEADER = YES;
				CLANG_WARN_RANGE_LOOP_ANALYSIS = YES;
				CLANG_WARN_STRICT_PROTOTYPES = YES;
				CLANG_WARN_SUSPICIOUS_MOVE = YES;
				CLANG_WARN_UNGUARDED_AVAILABILITY = YES_AGGRESSIVE;
				CLANG_WARN_UNREACHABLE_CODE = YES;
				CLANG_WARN__DUPLICATE_METHOD_MATCH = YES;
				COPY_PHASE_STRIP = NO;
				DEBUG_INFORMATION_FORMAT = "dwarf-with-dsym";
				ENABLE_NS_ASSERTIONS = NO;
				ENABLE_STRICT_OBJC_MSGSEND = YES;
				GCC_C_LANGUAGE_STANDARD = gnu11;
				GCC_NO_COMMON_BLOCKS = YES;
				GCC_WARN_64_TO_32_BIT_CONVERSION = YES;
				GCC_WARN_ABOUT_RETURN_TYPE = YES_ERROR;
				GCC_WARN_UNDECLARED_SELECTOR = YES;
				GCC_WARN_UNINITIALIZED_AUTOS = YES_AGGRESSIVE;
				GCC_WARN_UNUSED_FUNCTION = YES;
				GCC_WARN_UNUSED_VARIABLE = YES;
				IPHONEOS_DEPLOYMENT_TARGET = 15.0;
				MTL_ENABLE_DEBUG_INFO = NO;
				MTL_FAST_MATH = YES;
				SDKROOT = iphoneos;
				SWIFT_COMPILATION_MODE = wholemodule;
				SWIFT_OPTIMIZATION_LEVEL = "-O";
				VALIDATE_PRODUCT = YES;
			};
			name = Release;
		};
		1643AE6C27370D9100CCEB3A /* Debug */ = {
			isa = XCBuildConfiguration;
			buildSettings = {
				ASSETCATALOG_COMPILER_APPICON_NAME = AppIcon;
				ASSETCATALOG_COMPILER_GLOBAL_ACCENT_COLOR_NAME = AccentColor;
				CODE_SIGN_STYLE = Automatic;
				CURRENT_PROJECT_VERSION = 1;
				DEVELOPMENT_ASSET_PATHS = "\"ContadorDeAgua/Preview Content\"";
				ENABLE_PREVIEWS = YES;
				GENERATE_INFOPLIST_FILE = YES;
				INFOPLIST_KEY_UIApplicationSceneManifest_Generation = YES;
				INFOPLIST_KEY_UIApplicationSupportsIndirectInputEvents = YES;
				INFOPLIST_KEY_UILaunchScreen_Generation = YES;
				INFOPLIST_KEY_UISupportedInterfaceOrientations_iPad = "UIInterfaceOrientationPortrait UIInterfaceOrientationPortraitUpsideDown UIInterfaceOrientationLandscapeLeft UIInterfaceOrientationLandscapeRight";
				INFOPLIST_KEY_UISupportedInterfaceOrientations_iPhone = "UIInterfaceOrientationPortrait UIInterfaceOrientationLandscapeLeft UIInterfaceOrientationLandscapeRight";
				IPHONEOS_DEPLOYMENT_TARGET = 14.0;
				LD_RUNPATH_SEARCH_PATHS = (
					"$(inherited)",
					"@executable_path/Frameworks",
				);
				MARKETING_VERSION = 1.0;
				PRODUCT_BUNDLE_IDENTIFIER = com.marilisemorona.ContadorDeAgua;
				PRODUCT_NAME = "$(TARGET_NAME)";
				SWIFT_EMIT_LOC_STRINGS = YES;
				SWIFT_VERSION = 5.0;
				TARGETED_DEVICE_FAMILY = "1,2";
			};
			name = Debug;
		};
		1643AE6D27370D9100CCEB3A /* Release */ = {
			isa = XCBuildConfiguration;
			buildSettings = {
				ASSETCATALOG_COMPILER_APPICON_NAME = AppIcon;
				ASSETCATALOG_COMPILER_GLOBAL_ACCENT_COLOR_NAME = AccentColor;
				CODE_SIGN_STYLE = Automatic;
				CURRENT_PROJECT_VERSION = 1;
				DEVELOPMENT_ASSET_PATHS = "\"ContadorDeAgua/Preview Content\"";
				ENABLE_PREVIEWS = YES;
				GENERATE_INFOPLIST_FILE = YES;
				INFOPLIST_KEY_UIApplicationSceneManifest_Generation = YES;
				INFOPLIST_KEY_UIApplicationSupportsIndirectInputEvents = YES;
				INFOPLIST_KEY_UILaunchScreen_Generation = YES;
				INFOPLIST_KEY_UISupportedInterfaceOrientations_iPad = "UIInterfaceOrientationPortrait UIInterfaceOrientationPortraitUpsideDown UIInterfaceOrientationLandscapeLeft UIInterfaceOrientationLandscapeRight";
				INFOPLIST_KEY_UISupportedInterfaceOrientations_iPhone = "UIInterfaceOrientationPortrait UIInterfaceOrientationLandscapeLeft UIInterfaceOrientationLandscapeRight";
				IPHONEOS_DEPLOYMENT_TARGET = 14.0;
				LD_RUNPATH_SEARCH_PATHS = (
					"$(inherited)",
					"@executable_path/Frameworks",
				);
				MARKETING_VERSION = 1.0;
				PRODUCT_BUNDLE_IDENTIFIER = com.marilisemorona.ContadorDeAgua;
				PRODUCT_NAME = "$(TARGET_NAME)";
				SWIFT_EMIT_LOC_STRINGS = YES;
				SWIFT_VERSION = 5.0;
				TARGETED_DEVICE_FAMILY = "1,2";
			};
			name = Release;
		};
		1643AE6F27370D9100CCEB3A /* Debug */ = {
			isa = XCBuildConfiguration;
			buildSettings = {
				ALWAYS_EMBED_SWIFT_STANDARD_LIBRARIES = YES;
				BUNDLE_LOADER = "$(TEST_HOST)";
				CODE_SIGN_STYLE = Automatic;
				CURRENT_PROJECT_VERSION = 1;
				GENERATE_INFOPLIST_FILE = YES;
				IPHONEOS_DEPLOYMENT_TARGET = 14.0;
				LD_RUNPATH_SEARCH_PATHS = (
					"$(inherited)",
					"@executable_path/Frameworks",
					"@loader_path/Frameworks",
				);
				MARKETING_VERSION = 1.0;
				PRODUCT_BUNDLE_IDENTIFIER = com.marilisemorona.ContadorDeAguaTests;
				PRODUCT_NAME = "$(TARGET_NAME)";
				SWIFT_EMIT_LOC_STRINGS = NO;
				SWIFT_VERSION = 5.0;
				TARGETED_DEVICE_FAMILY = "1,2";
				TEST_HOST = "$(BUILT_PRODUCTS_DIR)/ContadorDeAgua.app/ContadorDeAgua";
			};
			name = Debug;
		};
		1643AE7027370D9100CCEB3A /* Release */ = {
			isa = XCBuildConfiguration;
			buildSettings = {
				ALWAYS_EMBED_SWIFT_STANDARD_LIBRARIES = YES;
				BUNDLE_LOADER = "$(TEST_HOST)";
				CODE_SIGN_STYLE = Automatic;
				CURRENT_PROJECT_VERSION = 1;
				GENERATE_INFOPLIST_FILE = YES;
				IPHONEOS_DEPLOYMENT_TARGET = 14.0;
				LD_RUNPATH_SEARCH_PATHS = (
					"$(inherited)",
					"@executable_path/Frameworks",
					"@loader_path/Frameworks",
				);
				MARKETING_VERSION = 1.0;
				PRODUCT_BUNDLE_IDENTIFIER = com.marilisemorona.ContadorDeAguaTests;
				PRODUCT_NAME = "$(TARGET_NAME)";
				SWIFT_EMIT_LOC_STRINGS = NO;
				SWIFT_VERSION = 5.0;
				TARGETED_DEVICE_FAMILY = "1,2";
				TEST_HOST = "$(BUILT_PRODUCTS_DIR)/ContadorDeAgua.app/ContadorDeAgua";
			};
			name = Release;
		};
		1643AE7227370D9100CCEB3A /* Debug */ = {
			isa = XCBuildConfiguration;
			buildSettings = {
				ALWAYS_EMBED_SWIFT_STANDARD_LIBRARIES = YES;
				CODE_SIGN_STYLE = Automatic;
				CURRENT_PROJECT_VERSION = 1;
				GENERATE_INFOPLIST_FILE = YES;
				LD_RUNPATH_SEARCH_PATHS = (
					"$(inherited)",
					"@executable_path/Frameworks",
					"@loader_path/Frameworks",
				);
				MARKETING_VERSION = 1.0;
				PRODUCT_BUNDLE_IDENTIFIER = com.marilisemorona.ContadorDeAguaUITests;
				PRODUCT_NAME = "$(TARGET_NAME)";
				SWIFT_EMIT_LOC_STRINGS = NO;
				SWIFT_VERSION = 5.0;
				TARGETED_DEVICE_FAMILY = "1,2";
				TEST_TARGET_NAME = ContadorDeAgua;
			};
			name = Debug;
		};
		1643AE7327370D9100CCEB3A /* Release */ = {
			isa = XCBuildConfiguration;
			buildSettings = {
				ALWAYS_EMBED_SWIFT_STANDARD_LIBRARIES = YES;
				CODE_SIGN_STYLE = Automatic;
				CURRENT_PROJECT_VERSION = 1;
				GENERATE_INFOPLIST_FILE = YES;
				LD_RUNPATH_SEARCH_PATHS = (
					"$(inherited)",
					"@executable_path/Frameworks",
					"@loader_path/Frameworks",
				);
				MARKETING_VERSION = 1.0;
				PRODUCT_BUNDLE_IDENTIFIER = com.marilisemorona.ContadorDeAguaUITests;
				PRODUCT_NAME = "$(TARGET_NAME)";
				SWIFT_EMIT_LOC_STRINGS = NO;
				SWIFT_VERSION = 5.0;
				TARGETED_DEVICE_FAMILY = "1,2";
				TEST_TARGET_NAME = ContadorDeAgua;
			};
			name = Release;
		};
/* End XCBuildConfiguration section */

/* Begin XCConfigurationList section */
		1643AE3D27370D8C00CCEB3A /* Build configuration list for PBXProject "ContadorDeAgua" */ = {
			isa = XCConfigurationList;
			buildConfigurations = (
				1643AE6927370D9100CCEB3A /* Debug */,
				1643AE6A27370D9100CCEB3A /* Release */,
			);
			defaultConfigurationIsVisible = 0;
			defaultConfigurationName = Release;
		};
		1643AE6B27370D9100CCEB3A /* Build configuration list for PBXNativeTarget "ContadorDeAgua" */ = {
			isa = XCConfigurationList;
			buildConfigurations = (
				1643AE6C27370D9100CCEB3A /* Debug */,
				1643AE6D27370D9100CCEB3A /* Release */,
			);
			defaultConfigurationIsVisible = 0;
			defaultConfigurationName = Release;
		};
		1643AE6E27370D9100CCEB3A /* Build configuration list for PBXNativeTarget "ContadorDeAguaTests" */ = {
			isa = XCConfigurationList;
			buildConfigurations = (
				1643AE6F27370D9100CCEB3A /* Debug */,
				1643AE7027370D9100CCEB3A /* Release */,
			);
			defaultConfigurationIsVisible = 0;
			defaultConfigurationName = Release;
		};
		1643AE7127370D9100CCEB3A /* Build configuration list for PBXNativeTarget "ContadorDeAguaUITests" */ = {
			isa = XCConfigurationList;
			buildConfigurations = (
				1643AE7227370D9100CCEB3A /* Debug */,
				1643AE7327370D9100CCEB3A /* Release */,
			);
			defaultConfigurationIsVisible = 0;
			defaultConfigurationName = Release;
		};
/* End XCConfigurationList section */

/* Begin XCVersionGroup section */
		1643AE5027370D9100CCEB3A /* ContadorDeAgua.xcdatamodeld */ = {
			isa = XCVersionGroup;
			children = (
				1643AE5127370D9100CCEB3A /* ContadorDeAgua.xcdatamodel */,
			);
			currentVersion = 1643AE5127370D9100CCEB3A /* ContadorDeAgua.xcdatamodel */;
			path = ContadorDeAgua.xcdatamodeld;
			sourceTree = "<group>";
			versionGroupType = wrapper.xcdatamodel;
		};
/* End XCVersionGroup section */
	};
	rootObject = 1643AE3A27370D8C00CCEB3A /* Project object */;
}
